
Microsoft Visual Studio Solution File, Format Version 12.00
# Visual Studio Version 16
VisualStudioVersion = 16.0.29609.76
MinimumVisualStudioVersion = 10.0.40219.1
Project("{FAE04EC0-301F-11D3-BF4B-00C04F79EFBC}") = "C_Bageri202", "C_Bageri202\C_Bageri202.csproj", "{178554CF-468E-44A1-AE1B-23DCAC749D6E}"
EndProject
Global
	GlobalSection(SolutionConfigurationPlatforms) = preSolution
		Debug|Any CPU = Debug|Any CPU
		Release|Any CPU = Release|Any CPU
	EndGlobalSection
	GlobalSection(ProjectConfigurationPlatforms) = postSolution
		{178554CF-468E-44A1-AE1B-23DCAC749D6E}.Debug|Any CPU.ActiveCfg = Debug|Any CPU
		{178554CF-468E-44A1-AE1B-23DCAC749D6E}.Debug|Any CPU.Build.0 = Debug|Any CPU
		{178554CF-468E-44A1-AE1B-23DCAC749D6E}.Release|Any CPU.ActiveCfg = Release|Any CPU
		{178554CF-468E-44A1-AE1B-23DCAC749D6E}.Release|Any CPU.Build.0 = Release|Any CPU
	EndGlobalSection
	GlobalSection(SolutionProperties) = preSolution
		HideSolutionNode = FALSE
	EndGlobalSection
	GlobalSection(ExtensibilityGlobals) = postSolution
		SolutionGuid = {6B9D6C40-870D-411E-A6B9-89BB965A5654}
	EndGlobalSection
EndGlobal
