
Microsoft Visual Studio Solution File, Format Version 12.00
# Visual Studio Version 16
VisualStudioVersion = 16.0.29609.76
MinimumVisualStudioVersion = 10.0.40219.1
Project("{9A19103F-16F7-4668-BE54-9A1E7A4F7556}") = "C_Bageri30", "C_Bageri30\C_Bageri30.csproj", "{50ECBF0E-6F76-426F-9199-885ECFF21D86}"
EndProject
Project("{FAE04EC0-301F-11D3-BF4B-00C04F79EFBC}") = "C_Bageri30_Test", "C_Bageri30_Test\C_Bageri30_Test.csproj", "{3954E034-0C0D-4870-82B2-216CF58833DC}"
EndProject
Global
	GlobalSection(SolutionConfigurationPlatforms) = preSolution
		Debug|Any CPU = Debug|Any CPU
		Release|Any CPU = Release|Any CPU
	EndGlobalSection
	GlobalSection(ProjectConfigurationPlatforms) = postSolution
		{50ECBF0E-6F76-426F-9199-885ECFF21D86}.Debug|Any CPU.ActiveCfg = Debug|Any CPU
		{50ECBF0E-6F76-426F-9199-885ECFF21D86}.Debug|Any CPU.Build.0 = Debug|Any CPU
		{50ECBF0E-6F76-426F-9199-885ECFF21D86}.Release|Any CPU.ActiveCfg = Release|Any CPU
		{50ECBF0E-6F76-426F-9199-885ECFF21D86}.Release|Any CPU.Build.0 = Release|Any CPU
		{3954E034-0C0D-4870-82B2-216CF58833DC}.Debug|Any CPU.ActiveCfg = Debug|Any CPU
		{3954E034-0C0D-4870-82B2-216CF58833DC}.Debug|Any CPU.Build.0 = Debug|Any CPU
		{3954E034-0C0D-4870-82B2-216CF58833DC}.Release|Any CPU.ActiveCfg = Release|Any CPU
		{3954E034-0C0D-4870-82B2-216CF58833DC}.Release|Any CPU.Build.0 = Release|Any CPU
	EndGlobalSection
	GlobalSection(SolutionProperties) = preSolution
		HideSolutionNode = FALSE
	EndGlobalSection
	GlobalSection(ExtensibilityGlobals) = postSolution
		SolutionGuid = {B5095474-7A55-42E8-85F4-76770C205E82}
	EndGlobalSection
EndGlobal
